
Microsoft Visual Studio Solution File, Format Version 12.00
# Visual Studio Version 17
VisualStudioVersion = 17.8.34330.188
MinimumVisualStudioVersion = 10.0.40219.1
Project("{888888A0-9F3D-457C-B088-3A5042F75D52}") = "enphase_polling", "enphase_polling.pyproj", "{30CA8FAF-6CF1-48D6-8091-7DD64F4EB3FC}"
EndProject
Global
	GlobalSection(SolutionConfigurationPlatforms) = preSolution
		Debug|Any CPU = Debug|Any CPU
		Release|Any CPU = Release|Any CPU
	EndGlobalSection
	GlobalSection(ProjectConfigurationPlatforms) = postSolution
		{30CA8FAF-6CF1-48D6-8091-7DD64F4EB3FC}.Debug|Any CPU.ActiveCfg = Debug|Any CPU
		{30CA8FAF-6CF1-48D6-8091-7DD64F4EB3FC}.Release|Any CPU.ActiveCfg = Release|Any CPU
	EndGlobalSection
	GlobalSection(SolutionProperties) = preSolution
		HideSolutionNode = FALSE
	EndGlobalSection
	GlobalSection(ExtensibilityGlobals) = postSolution
		SolutionGuid = {0A6B084C-140D-4BFD-A42A-F508BA366CBC}
	EndGlobalSection
EndGlobal
